
Microsoft Visual Studio Solution File, Format Version 12.00
# Visual Studio 2012
Project("{FAE04EC0-301F-11D3-BF4B-00C04F79EFBC}") = "BaseBallPlayerDataBase", "BaseBallPlayerDataBase.csproj", "{BA5E689D-8F12-4233-94EE-19D6BDAC7D06}"
EndProject
Project("{FAE04EC0-301F-11D3-BF4B-00C04F79EFBC}") = "BaseballPlayerQueries", "BaseballPlayerQueries\BaseballPlayerQueries.csproj", "{0099A721-DB10-4DCC-8908-739AAC15B038}"
EndProject
Global
	GlobalSection(SolutionConfigurationPlatforms) = preSolution
		Debug|Any CPU = Debug|Any CPU
		Release|Any CPU = Release|Any CPU
	EndGlobalSection
	GlobalSection(ProjectConfigurationPlatforms) = postSolution
		{BA5E689D-8F12-4233-94EE-19D6BDAC7D06}.Debug|Any CPU.ActiveCfg = Debug|Any CPU
		{BA5E689D-8F12-4233-94EE-19D6BDAC7D06}.Debug|Any CPU.Build.0 = Debug|Any CPU
		{BA5E689D-8F12-4233-94EE-19D6BDAC7D06}.Release|Any CPU.ActiveCfg = Release|Any CPU
		{BA5E689D-8F12-4233-94EE-19D6BDAC7D06}.Release|Any CPU.Build.0 = Release|Any CPU
		{0099A721-DB10-4DCC-8908-739AAC15B038}.Debug|Any CPU.ActiveCfg = Debug|Any CPU
		{0099A721-DB10-4DCC-8908-739AAC15B038}.Debug|Any CPU.Build.0 = Debug|Any CPU
		{0099A721-DB10-4DCC-8908-739AAC15B038}.Release|Any CPU.ActiveCfg = Release|Any CPU
		{0099A721-DB10-4DCC-8908-739AAC15B038}.Release|Any CPU.Build.0 = Release|Any CPU
	EndGlobalSection
	GlobalSection(SolutionProperties) = preSolution
		HideSolutionNode = FALSE
	EndGlobalSection
EndGlobal
